# This file is automatically @generated by Wally.
# It is not intended for manual editing.
registry = "test"

[[package]]
name = "developer/robloxpathfindingskilldemo"
version = "0.1.0"
dependencies = [["GoodSignal", "stravant/goodsignal@0.3.1"], ["Promise", "evaera/promise@4.0.0"], ["Trove", "sleitnick/trove@1.8.0"]]

[[package]]
name = "evaera/promise"
version = "4.0.0"
dependencies = []

[[package]]
name = "sleitnick/trove"
version = "1.8.0"
dependencies = []

[[package]]
name = "stravant/goodsignal"
version = "0.3.1"
dependencies = []
